
Microsoft Visual Studio Solution File, Format Version 12.00
# Visual Studio Version 17
VisualStudioVersion = 17.8.34511.84
MinimumVisualStudioVersion = 10.0.40219.1
Project("{8BC9CEB8-8B4A-11D0-8D11-00A0C91BC942}") = "C++ Pt 2", "C++ Pt 2.vcxproj", "{280909F8-EEB4-459B-81A6-B7780A33A202}"
EndProject
Global
	GlobalSection(SolutionConfigurationPlatforms) = preSolution
		Debug|x64 = Debug|x64
		Debug|x86 = Debug|x86
		Release|x64 = Release|x64
		Release|x86 = Release|x86
	EndGlobalSection
	GlobalSection(ProjectConfigurationPlatforms) = postSolution
		{280909F8-EEB4-459B-81A6-B7780A33A202}.Debug|x64.ActiveCfg = Debug|x64
		{280909F8-EEB4-459B-81A6-B7780A33A202}.Debug|x64.Build.0 = Debug|x64
		{280909F8-EEB4-459B-81A6-B7780A33A202}.Debug|x86.ActiveCfg = Debug|Win32
		{280909F8-EEB4-459B-81A6-B7780A33A202}.Debug|x86.Build.0 = Debug|Win32
		{280909F8-EEB4-459B-81A6-B7780A33A202}.Release|x64.ActiveCfg = Release|x64
		{280909F8-EEB4-459B-81A6-B7780A33A202}.Release|x64.Build.0 = Release|x64
		{280909F8-EEB4-459B-81A6-B7780A33A202}.Release|x86.ActiveCfg = Release|Win32
		{280909F8-EEB4-459B-81A6-B7780A33A202}.Release|x86.Build.0 = Release|Win32
	EndGlobalSection
	GlobalSection(SolutionProperties) = preSolution
		HideSolutionNode = FALSE
	EndGlobalSection
	GlobalSection(ExtensibilityGlobals) = postSolution
		SolutionGuid = {DCD2119B-46D7-4100-A70D-FBF219CAEF68}
	EndGlobalSection
EndGlobal
